
Microsoft Visual Studio Solution File, Format Version 12.00
# Visual Studio Version 16
VisualStudioVersion = 16.0.29102.190
MinimumVisualStudioVersion = 10.0.40219.1
Project("{F184B08F-C81C-45F6-A57F-5ABD9991F28F}") = "VBAPI", "VBAPI\VBAPI.vbproj", "{DD775258-9A57-43AF-B8D6-356009C78933}"
EndProject
Global
	GlobalSection(SolutionConfigurationPlatforms) = preSolution
		Debug|Any CPU = Debug|Any CPU
		Release|Any CPU = Release|Any CPU
	EndGlobalSection
	GlobalSection(ProjectConfigurationPlatforms) = postSolution
		{DD775258-9A57-43AF-B8D6-356009C78933}.Debug|Any CPU.ActiveCfg = Debug|Any CPU
		{DD775258-9A57-43AF-B8D6-356009C78933}.Debug|Any CPU.Build.0 = Debug|Any CPU
		{DD775258-9A57-43AF-B8D6-356009C78933}.Release|Any CPU.ActiveCfg = Release|Any CPU
		{DD775258-9A57-43AF-B8D6-356009C78933}.Release|Any CPU.Build.0 = Release|Any CPU
	EndGlobalSection
	GlobalSection(SolutionProperties) = preSolution
		HideSolutionNode = FALSE
	EndGlobalSection
	GlobalSection(ExtensibilityGlobals) = postSolution
		SolutionGuid = {29607606-2244-48F0-B0E2-8E9796CE6E01}
	EndGlobalSection
EndGlobal
